# generated by setup-fuzz-tools.sh on 2026-09-04T23:19:15+08:00; do not edit
csmith_repo=https://github.com/csmith-project/csmith.git
csmith_commit=0cdc710315cfee9035e22ef4363ca479270d1934
csmith_bin=$HOME/opt/csmith/bin/csmith
csmith_version=csmith 2.4.0
csmith_include=$HOME/opt/csmith/include
yarpgen_repo=https://github.com/intel/yarpgen.git
yarpgen_commit=e2a051221b835869d3efad3f4a2554050f65845c
yarpgen_bin=$HOME/opt/yarpgen/bin/yarpgen
yarpgen_version=yarpgen version 2.0 (build e2a0512 on 2026:09:04)
yarpgen_std_line= --std=<value> Language standard of the test (Default: c++)
