# This file is automatically @generated by Cargo.
# It is not intended for manual editing.
version = 4

[[package]]
name = "libc"
version = "0.2.189"
source = "registry+https://github.com/rust-lang/crates.io-index"
checksum = "3eaf3ede3fee6db1a4c2ee091bf8a8b4dccdc6d17f656fb07896ee72867612f2"

[[package]]
name = "libpulse-binding"
version = "2.4.0"
dependencies = [
 "libc",
 "libpulse-sys",
]

[[package]]
name = "libpulse-repro"
version = "0.1.0"
dependencies = [
 "libpulse-binding",
]

[[package]]
name = "libpulse-sys"
version = "1.4.0"
dependencies = [
 "libc",
 "pkg-config",
]

[[package]]
name = "pkg-config"
version = "0.3.33"
source = "registry+https://github.com/rust-lang/crates.io-index"
checksum = "19f132c84eca552bf34cab8ec81f1c1dcc229b811638f9d283dceabe58c5569e"
